{
  "name": "jwt-auth-node-example",
  "version": "1.0.0",
  "lockfileVersion": 2,
  "requires": true,
  "packages": {
    "": {
      "name": "jwt-auth-node-example",
      "version": "1.0.0",
      "license": "ISC",
      "dependencies": {
        "jwt-cookie-auth": "file:../.."
      }
    },
    "../..": {
      "version": "1.0.0",
      "license": "MIT",
      "dependencies": {
        "cookie": "^0.5.0",
        "jsonwebtoken": "^8.5.1"
      },
      "devDependencies": {
        "jest": "^27.5.1",
        "node-fetch": "2.6.7",
        "standard": "^17.0.0"
      }
    },
    "node_modules/jwt-cookie-auth": {
      "resolved": "../..",
      "link": true
    }
  },
  "dependencies": {
    "jwt-cookie-auth": {
      "version": "file:../..",
      "requires": {
        "cookie": "^0.5.0",
        "jest": "^27.5.1",
        "jsonwebtoken": "^8.5.1",
        "node-fetch": "2.6.7",
        "standard": "^17.0.0"
      }
    }
  }
}
