{
  "name": "jwt-auth-spliffy-example",
  "version": "1.0.0",
  "lockfileVersion": 2,
  "requires": true,
  "packages": {
    "": {
      "name": "jwt-auth-spliffy-example",
      "version": "1.0.0",
      "license": "ISC",
      "dependencies": {
        "@srfnstack/spliffy": "^0.9.2",
        "jwt-cookie-auth": "file:../.."
      }
    },
    "../..": {
      "version": "1.0.0",
      "license": "MIT",
      "dependencies": {
        "cookie": "^0.5.0",
        "jsonwebtoken": "^8.5.1"
      },
      "devDependencies": {
        "jest": "^27.5.1",
        "node-fetch": "2.6.7",
        "standard": "^17.0.0"
      }
    },
    "node_modules/@srfnstack/spliffy": {
      "version": "0.9.2",
      "resolved": "https://registry.npmjs.org/@srfnstack/spliffy/-/spliffy-0.9.2.tgz",
      "integrity": "sha512-ecmCE5LhzB69m27louJMxcTfDt8mCGjLjA5MkhghpdgQJmtXbn23H+rA0SBORVj+hF+/Dm41jcyvytrCIjkMPQ==",
      "dependencies": {
        "cookie": "^0.4.1",
        "etag": "^1.8.1",
        "uuid": "^8.3.2",
        "uWebSockets.js": "github:uNetworking/uWebSockets.js#v20.4.0"
      }
    },
    "node_modules/cookie": {
      "version": "0.4.2",
      "resolved": "https://registry.npmjs.org/cookie/-/cookie-0.4.2.tgz",
      "integrity": "sha512-aSWTXFzaKWkvHO1Ny/s+ePFpvKsPnjc551iI41v3ny/ow6tBG5Vd+FuqGNhh1LxOmVzOlGUriIlOaokOvhaStA==",
      "engines": {
        "node": ">= 0.6"
      }
    },
    "node_modules/etag": {
      "version": "1.8.1",
      "resolved": "https://registry.npmjs.org/etag/-/etag-1.8.1.tgz",
      "integrity": "sha1-Qa4u62XvpiJorr/qg6x9eSmbCIc=",
      "engines": {
        "node": ">= 0.6"
      }
    },
    "node_modules/jwt-cookie-auth": {
      "resolved": "../..",
      "link": true
    },
    "node_modules/uuid": {
      "version": "8.3.2",
      "resolved": "https://registry.npmjs.org/uuid/-/uuid-8.3.2.tgz",
      "integrity": "sha512-+NYs2QeMWy+GWFOEm9xnn6HCDp0l7QBD7ml8zLUmJ+93Q5NF0NocErnwkTkXVFNiX3/fpC6afS8Dhb/gz7R7eg==",
      "bin": {
        "uuid": "dist/bin/uuid"
      }
    },
    "node_modules/uWebSockets.js": {
      "version": "20.4.0",
      "resolved": "git+ssh://git@github.com/uNetworking/uWebSockets.js.git#65f39bdff763be3883e6cf18e433dd4fec155845"
    }
  },
  "dependencies": {
    "@srfnstack/spliffy": {
      "version": "0.9.2",
      "resolved": "https://registry.npmjs.org/@srfnstack/spliffy/-/spliffy-0.9.2.tgz",
      "integrity": "sha512-ecmCE5LhzB69m27louJMxcTfDt8mCGjLjA5MkhghpdgQJmtXbn23H+rA0SBORVj+hF+/Dm41jcyvytrCIjkMPQ==",
      "requires": {
        "cookie": "^0.4.1",
        "etag": "^1.8.1",
        "uuid": "^8.3.2",
        "uWebSockets.js": "github:uNetworking/uWebSockets.js#v20.4.0"
      }
    },
    "cookie": {
      "version": "0.4.2",
      "resolved": "https://registry.npmjs.org/cookie/-/cookie-0.4.2.tgz",
      "integrity": "sha512-aSWTXFzaKWkvHO1Ny/s+ePFpvKsPnjc551iI41v3ny/ow6tBG5Vd+FuqGNhh1LxOmVzOlGUriIlOaokOvhaStA=="
    },
    "etag": {
      "version": "1.8.1",
      "resolved": "https://registry.npmjs.org/etag/-/etag-1.8.1.tgz",
      "integrity": "sha1-Qa4u62XvpiJorr/qg6x9eSmbCIc="
    },
    "jwt-cookie-auth": {
      "version": "file:../..",
      "requires": {
        "cookie": "^0.5.0",
        "jest": "^27.5.1",
        "jsonwebtoken": "^8.5.1",
        "node-fetch": "2.6.7",
        "standard": "^17.0.0"
      }
    },
    "uuid": {
      "version": "8.3.2",
      "resolved": "https://registry.npmjs.org/uuid/-/uuid-8.3.2.tgz",
      "integrity": "sha512-+NYs2QeMWy+GWFOEm9xnn6HCDp0l7QBD7ml8zLUmJ+93Q5NF0NocErnwkTkXVFNiX3/fpC6afS8Dhb/gz7R7eg=="
    },
    "uWebSockets.js": {
      "version": "git+ssh://git@github.com/uNetworking/uWebSockets.js.git#65f39bdff763be3883e6cf18e433dd4fec155845",
      "from": "uWebSockets.js@github:uNetworking/uWebSockets.js#v20.4.0"
    }
  }
}
